
Microsoft Visual Studio Solution File, Format Version 12.00
# Visual Studio 15
VisualStudioVersion = 15.0.27004.2002
MinimumVisualStudioVersion = 10.0.40219.1
Project("{FAE04EC0-301F-11D3-BF4B-00C04F79EFBC}") = "LaunchWindowsRDPSample", "LaunchWindowsRDPSample\LaunchWindowsRDPSample.csproj", "{6E7141B9-0115-4F3A-B2DE-41BF2920B661}"
EndProject
Global
	GlobalSection(SolutionConfigurationPlatforms) = preSolution
		Debug|Any CPU = Debug|Any CPU
		Release|Any CPU = Release|Any CPU
	EndGlobalSection
	GlobalSection(ProjectConfigurationPlatforms) = postSolution
		{6E7141B9-0115-4F3A-B2DE-41BF2920B661}.Debug|Any CPU.ActiveCfg = Debug|Any CPU
		{6E7141B9-0115-4F3A-B2DE-41BF2920B661}.Debug|Any CPU.Build.0 = Debug|Any CPU
		{6E7141B9-0115-4F3A-B2DE-41BF2920B661}.Release|Any CPU.ActiveCfg = Release|Any CPU
		{6E7141B9-0115-4F3A-B2DE-41BF2920B661}.Release|Any CPU.Build.0 = Release|Any CPU
	EndGlobalSection
	GlobalSection(SolutionProperties) = preSolution
		HideSolutionNode = FALSE
	EndGlobalSection
	GlobalSection(ExtensibilityGlobals) = postSolution
		SolutionGuid = {2D4E1C38-B7ED-4C7F-9D8E-0EE76021814E}
	EndGlobalSection
EndGlobal
